// !$*UTF8*$!
{
	archiveVersion = 1;
	classes = {
	};
	objectVersion = 46;
	objects = {

/* Begin PBXBuildFile section */
		0756712A1E2D8E62008944CF /* SectionHeaderView.xib in Resources */ = {isa = PBXBuildFile; fileRef = 075671291E2D8E62008944CF /* SectionHeaderView.xib */; };
		07901F021DBA719900504A5A /* budget.png in Resources */ = {isa = PBXBuildFile; fileRef = 07901F001DBA719900504A5A /* budget.png */; };
		07901F031DBA719900504A5A /* transactions.png in Resources */ = {isa = PBXBuildFile; fileRef = 07901F011DBA719900504A5A /* transactions.png */; };
		07BAF1CA1D7C81FC008FE0AF /* Assets.xcassets in Resources */ = {isa = PBXBuildFile; fileRef = 07BAF1C31D7C81FC008FE0AF /* Assets.xcassets */; };
		07BAF1CB1D7C81FC008FE0AF /* LaunchScreen.storyboard in Resources */ = {isa = PBXBuildFile; fileRef = 07BAF1C41D7C81FC008FE0AF /* LaunchScreen.storyboard */; };
		07BAF1CC1D7C81FC008FE0AF /* Main.storyboard in Resources */ = {isa = PBXBuildFile; fileRef = 07BAF1C51D7C81FC008FE0AF /* Main.storyboard */; };
		07C4BF731E32E84C00EE4C29 /* UIColor+colors.swift in Sources */ = {isa = PBXBuildFile; fileRef = 07C4BF721E32E84C00EE4C29 /* UIColor+colors.swift */; };
		07C4BF751E32F10600EE4C29 /* TXTableView.swift in Sources */ = {isa = PBXBuildFile; fileRef = 07C4BF741E32F10600EE4C29 /* TXTableView.swift */; };
		07C4BF771E32F1B000EE4C29 /* TXNavigationViewController.swift in Sources */ = {isa = PBXBuildFile; fileRef = 07C4BF761E32F1B000EE4C29 /* TXNavigationViewController.swift */; };
		07C4BF791E32F29400EE4C29 /* SectionHeaderView.swift in Sources */ = {isa = PBXBuildFile; fileRef = 07C4BF781E32F29400EE4C29 /* SectionHeaderView.swift */; };
		07E734721E3011F000444EB1 /* Amount.swift in Sources */ = {isa = PBXBuildFile; fileRef = 07E734711E3011F000444EB1 /* Amount.swift */; };
		07E734741E311B3B00444EB1 /* PaymentType.swift in Sources */ = {isa = PBXBuildFile; fileRef = 07E734731E311B3B00444EB1 /* PaymentType.swift */; };
		07E734791E31512300444EB1 /* PaymentTypeSum.swift in Sources */ = {isa = PBXBuildFile; fileRef = 07E734781E31512300444EB1 /* PaymentTypeSum.swift */; };
		07E7347D1E3174DE00444EB1 /* BudgetCategory.swift in Sources */ = {isa = PBXBuildFile; fileRef = 07E7347C1E3174DE00444EB1 /* BudgetCategory.swift */; };
		07E7347F1E31769500444EB1 /* Transaction.swift in Sources */ = {isa = PBXBuildFile; fileRef = 07E7347E1E31769400444EB1 /* Transaction.swift */; };
		07E734811E32624E00444EB1 /* Client.swift in Sources */ = {isa = PBXBuildFile; fileRef = 07E734801E32624E00444EB1 /* Client.swift */; };
		07E734831E32641100444EB1 /* TXError.swift in Sources */ = {isa = PBXBuildFile; fileRef = 07E734821E32641100444EB1 /* TXError.swift */; };
		07E734851E326B5A00444EB1 /* TXResponse.swift in Sources */ = {isa = PBXBuildFile; fileRef = 07E734841E326B5A00444EB1 /* TXResponse.swift */; };
		07E7348C1E32C1A400444EB1 /* AppDelegate.swift in Sources */ = {isa = PBXBuildFile; fileRef = 07E7348B1E32C1A400444EB1 /* AppDelegate.swift */; };
		07E7348E1E32C71F00444EB1 /* CategoriesViewController.swift in Sources */ = {isa = PBXBuildFile; fileRef = 07E7348D1E32C71F00444EB1 /* CategoriesViewController.swift */; };
		07E734901E32D68100444EB1 /* TransactionTableViewCell.swift in Sources */ = {isa = PBXBuildFile; fileRef = 07E7348F1E32D68100444EB1 /* TransactionTableViewCell.swift */; };
		07E734921E32DBD900444EB1 /* CategoryTableViewCell.swift in Sources */ = {isa = PBXBuildFile; fileRef = 07E734911E32DBD900444EB1 /* CategoryTableViewCell.swift */; };
		07E734941E32E1AA00444EB1 /* TXViewController.swift in Sources */ = {isa = PBXBuildFile; fileRef = 07E734931E32E1AA00444EB1 /* TXViewController.swift */; };
		07E734961E32E63000444EB1 /* TransactionsViewController.swift in Sources */ = {isa = PBXBuildFile; fileRef = 07E734951E32E63000444EB1 /* TransactionsViewController.swift */; };
		07E734981E32E65100444EB1 /* AddTransactionPopUpViewController.swift in Sources */ = {isa = PBXBuildFile; fileRef = 07E734971E32E65100444EB1 /* AddTransactionPopUpViewController.swift */; };
		07E7349A1E32E66000444EB1 /* CategoryViewController.swift in Sources */ = {isa = PBXBuildFile; fileRef = 07E734991E32E66000444EB1 /* CategoryViewController.swift */; };
/* End PBXBuildFile section */

/* Begin PBXFileReference section */
		075671291E2D8E62008944CF /* SectionHeaderView.xib */ = {isa = PBXFileReference; fileEncoding = 4; lastKnownFileType = file.xib; path = SectionHeaderView.xib; sourceTree = "<group>"; };
		07901F001DBA719900504A5A /* budget.png */ = {isa = PBXFileReference; lastKnownFileType = image.png; path = budget.png; sourceTree = "<group>"; };
		07901F011DBA719900504A5A /* transactions.png */ = {isa = PBXFileReference; lastKnownFileType = image.png; path = transactions.png; sourceTree = "<group>"; };
		07BAF1A81D7C80D0008FE0AF /* TransactionRegister.app */ = {isa = PBXFileReference; explicitFileType = wrapper.application; includeInIndex = 0; path = TransactionRegister.app; sourceTree = BUILT_PRODUCTS_DIR; };
		07BAF1BC1D7C80D0008FE0AF /* Info.plist */ = {isa = PBXFileReference; lastKnownFileType = text.plist.xml; path = Info.plist; sourceTree = "<group>"; };
		07BAF1C31D7C81FC008FE0AF /* Assets.xcassets */ = {isa = PBXFileReference; lastKnownFileType = folder.assetcatalog; path = Assets.xcassets; sourceTree = "<group>"; };
		07BAF1C41D7C81FC008FE0AF /* LaunchScreen.storyboard */ = {isa = PBXFileReference; fileEncoding = 4; lastKnownFileType = file.storyboard; path = LaunchScreen.storyboard; sourceTree = "<group>"; };
		07BAF1C51D7C81FC008FE0AF /* Main.storyboard */ = {isa = PBXFileReference; fileEncoding = 4; lastKnownFileType = file.storyboard; path = Main.storyboard; sourceTree = "<group>"; };
		07C4BF721E32E84C00EE4C29 /* UIColor+colors.swift */ = {isa = PBXFileReference; fileEncoding = 4; lastKnownFileType = sourcecode.swift; path = "UIColor+colors.swift"; sourceTree = "<group>"; };
		07C4BF741E32F10600EE4C29 /* TXTableView.swift */ = {isa = PBXFileReference; fileEncoding = 4; lastKnownFileType = sourcecode.swift; path = TXTableView.swift; sourceTree = "<group>"; };
		07C4BF761E32F1B000EE4C29 /* TXNavigationViewController.swift */ = {isa = PBXFileReference; fileEncoding = 4; lastKnownFileType = sourcecode.swift; path = TXNavigationViewController.swift; sourceTree = "<group>"; };
		07C4BF781E32F29400EE4C29 /* SectionHeaderView.swift */ = {isa = PBXFileReference; fileEncoding = 4; lastKnownFileType = sourcecode.swift; path = SectionHeaderView.swift; sourceTree = "<group>"; };
		07E734711E3011F000444EB1 /* Amount.swift */ = {isa = PBXFileReference; fileEncoding = 4; lastKnownFileType = sourcecode.swift; path = Amount.swift; sourceTree = "<group>"; };
		07E734731E311B3B00444EB1 /* PaymentType.swift */ = {isa = PBXFileReference; fileEncoding = 4; lastKnownFileType = sourcecode.swift; path = PaymentType.swift; sourceTree = "<group>"; };
		07E734781E31512300444EB1 /* PaymentTypeSum.swift */ = {isa = PBXFileReference; fileEncoding = 4; lastKnownFileType = sourcecode.swift; path = PaymentTypeSum.swift; sourceTree = "<group>"; };
		07E7347C1E3174DE00444EB1 /* BudgetCategory.swift */ = {isa = PBXFileReference; fileEncoding = 4; lastKnownFileType = sourcecode.swift; path = BudgetCategory.swift; sourceTree = "<group>"; };
		07E7347E1E31769400444EB1 /* Transaction.swift */ = {isa = PBXFileReference; fileEncoding = 4; lastKnownFileType = sourcecode.swift; path = Transaction.swift; sourceTree = "<group>"; };
		07E734801E32624E00444EB1 /* Client.swift */ = {isa = PBXFileReference; fileEncoding = 4; lastKnownFileType = sourcecode.swift; path = Client.swift; sourceTree = "<group>"; };
		07E734821E32641100444EB1 /* TXError.swift */ = {isa = PBXFileReference; fileEncoding = 4; lastKnownFileType = sourcecode.swift; path = TXError.swift; sourceTree = "<group>"; };
		07E734841E326B5A00444EB1 /* TXResponse.swift */ = {isa = PBXFileReference; fileEncoding = 4; lastKnownFileType = sourcecode.swift; path = TXResponse.swift; sourceTree = "<group>"; };
		07E7348B1E32C1A400444EB1 /* AppDelegate.swift */ = {isa = PBXFileReference; fileEncoding = 4; lastKnownFileType = sourcecode.swift; path = AppDelegate.swift; sourceTree = "<group>"; };
		07E7348D1E32C71F00444EB1 /* CategoriesViewController.swift */ = {isa = PBXFileReference; fileEncoding = 4; lastKnownFileType = sourcecode.swift; path = CategoriesViewController.swift; sourceTree = "<group>"; };
		07E7348F1E32D68100444EB1 /* TransactionTableViewCell.swift */ = {isa = PBXFileReference; fileEncoding = 4; lastKnownFileType = sourcecode.swift; path = TransactionTableViewCell.swift; sourceTree = "<group>"; };
		07E734911E32DBD900444EB1 /* CategoryTableViewCell.swift */ = {isa = PBXFileReference; fileEncoding = 4; lastKnownFileType = sourcecode.swift; path = CategoryTableViewCell.swift; sourceTree = "<group>"; };
		07E734931E32E1AA00444EB1 /* TXViewController.swift */ = {isa = PBXFileReference; fileEncoding = 4; lastKnownFileType = sourcecode.swift; path = TXViewController.swift; sourceTree = "<group>"; };
		07E734951E32E63000444EB1 /* TransactionsViewController.swift */ = {isa = PBXFileReference; fileEncoding = 4; lastKnownFileType = sourcecode.swift; path = TransactionsViewController.swift; sourceTree = "<group>"; };
		07E734971E32E65100444EB1 /* AddTransactionPopUpViewController.swift */ = {isa = PBXFileReference; fileEncoding = 4; lastKnownFileType = sourcecode.swift; path = AddTransactionPopUpViewController.swift; sourceTree = "<group>"; };
		07E734991E32E66000444EB1 /* CategoryViewController.swift */ = {isa = PBXFileReference; fileEncoding = 4; lastKnownFileType = sourcecode.swift; path = CategoryViewController.swift; sourceTree = "<group>"; };
/* End PBXFileReference section */

/* Begin PBXFrameworksBuildPhase section */
		07BAF1A51D7C80D0008FE0AF /* Frameworks */ = {
			isa = PBXFrameworksBuildPhase;
			buildActionMask = 2147483647;
			files = (
			);
			runOnlyForDeploymentPostprocessing = 0;
		};
/* End PBXFrameworksBuildPhase section */

/* Begin PBXGroup section */
		0734FB511D7CDBA900C22302 /* Extensions */ = {
			isa = PBXGroup;
			children = (
				07C4BF721E32E84C00EE4C29 /* UIColor+colors.swift */,
			);
			path = Extensions;
			sourceTree = "<group>";
		};
		0734FB551D7CDC2300C22302 /* Reusable */ = {
			isa = PBXGroup;
			children = (
				07E734931E32E1AA00444EB1 /* TXViewController.swift */,
				07C4BF741E32F10600EE4C29 /* TXTableView.swift */,
				07C4BF761E32F1B000EE4C29 /* TXNavigationViewController.swift */,
			);
			path = Reusable;
			sourceTree = "<group>";
		};
		0734FB5C1D7CDE6000C22302 /* Support */ = {
			isa = PBXGroup;
			children = (
				07E734821E32641100444EB1 /* TXError.swift */,
				07E734841E326B5A00444EB1 /* TXResponse.swift */,
			);
			path = Support;
			sourceTree = "<group>";
		};
		0734FB5D1D7CDE6000C22302 /* Client */ = {
			isa = PBXGroup;
			children = (
				07E734801E32624E00444EB1 /* Client.swift */,
				07E7347E1E31769400444EB1 /* Transaction.swift */,
				07E734711E3011F000444EB1 /* Amount.swift */,
				07E734731E311B3B00444EB1 /* PaymentType.swift */,
				07E734781E31512300444EB1 /* PaymentTypeSum.swift */,
				07E7347C1E3174DE00444EB1 /* BudgetCategory.swift */,
			);
			path = Client;
			sourceTree = "<group>";
		};
		07BAF19F1D7C80D0008FE0AF = {
			isa = PBXGroup;
			children = (
				07BAF1AA1D7C80D0008FE0AF /* TransactionRegister */,
				07BAF1A91D7C80D0008FE0AF /* Products */,
			);
			sourceTree = "<group>";
		};
		07BAF1A91D7C80D0008FE0AF /* Products */ = {
			isa = PBXGroup;
			children = (
				07BAF1A81D7C80D0008FE0AF /* TransactionRegister.app */,
			);
			name = Products;
			sourceTree = "<group>";
		};
		07BAF1AA1D7C80D0008FE0AF /* TransactionRegister */ = {
			isa = PBXGroup;
			children = (
				07BAF1C21D7C81FC008FE0AF /* View */,
				07BAF1C61D7C81FC008FE0AF /* Controller */,
				07BAF1C91D7C81FC008FE0AF /* Model */,
				07BAF1BC1D7C80D0008FE0AF /* Info.plist */,
				07E7348B1E32C1A400444EB1 /* AppDelegate.swift */,
			);
			path = TransactionRegister;
			sourceTree = "<group>";
		};
		07BAF1C21D7C81FC008FE0AF /* View */ = {
			isa = PBXGroup;
			children = (
				07901F001DBA719900504A5A /* budget.png */,
				07901F011DBA719900504A5A /* transactions.png */,
				07BAF1C31D7C81FC008FE0AF /* Assets.xcassets */,
				07BAF1C41D7C81FC008FE0AF /* LaunchScreen.storyboard */,
				07BAF1C51D7C81FC008FE0AF /* Main.storyboard */,
				075671291E2D8E62008944CF /* SectionHeaderView.xib */,
				07E7348F1E32D68100444EB1 /* TransactionTableViewCell.swift */,
				07E734911E32DBD900444EB1 /* CategoryTableViewCell.swift */,
				07C4BF781E32F29400EE4C29 /* SectionHeaderView.swift */,
			);
			path = View;
			sourceTree = "<group>";
		};
		07BAF1C61D7C81FC008FE0AF /* Controller */ = {
			isa = PBXGroup;
			children = (
				0734FB551D7CDC2300C22302 /* Reusable */,
				07E7348D1E32C71F00444EB1 /* CategoriesViewController.swift */,
				07E734991E32E66000444EB1 /* CategoryViewController.swift */,
				07E734951E32E63000444EB1 /* TransactionsViewController.swift */,
				07E734971E32E65100444EB1 /* AddTransactionPopUpViewController.swift */,
			);
			path = Controller;
			sourceTree = "<group>";
		};
		07BAF1C91D7C81FC008FE0AF /* Model */ = {
			isa = PBXGroup;
			children = (
				0734FB5D1D7CDE6000C22302 /* Client */,
				0734FB511D7CDBA900C22302 /* Extensions */,
				0734FB5C1D7CDE6000C22302 /* Support */,
			);
			path = Model;
			sourceTree = "<group>";
		};
/* End PBXGroup section */

/* Begin PBXNativeTarget section */
		07BAF1A71D7C80D0008FE0AF /* TransactionRegister */ = {
			isa = PBXNativeTarget;
			buildConfigurationList = 07BAF1BF1D7C80D0008FE0AF /* Build configuration list for PBXNativeTarget "TransactionRegister" */;
			buildPhases = (
				07BAF1A41D7C80D0008FE0AF /* Sources */,
				07BAF1A51D7C80D0008FE0AF /* Frameworks */,
				07BAF1A61D7C80D0008FE0AF /* Resources */,
			);
			buildRules = (
			);
			dependencies = (
			);
			name = TransactionRegister;
			productName = TransactionRegister;
			productReference = 07BAF1A81D7C80D0008FE0AF /* TransactionRegister.app */;
			productType = "com.apple.product-type.application";
		};
/* End PBXNativeTarget section */

/* Begin PBXProject section */
		07BAF1A01D7C80D0008FE0AF /* Project object */ = {
			isa = PBXProject;
			attributes = {
				LastUpgradeCheck = 0820;
				ORGANIZATIONNAME = "Eric Romrell";
				TargetAttributes = {
					07BAF1A71D7C80D0008FE0AF = {
						CreatedOnToolsVersion = 7.3.1;
						DevelopmentTeam = 4PCMAPG3W2;
						LastSwiftMigration = 0820;
					};
				};
			};
			buildConfigurationList = 07BAF1A31D7C80D0008FE0AF /* Build configuration list for PBXProject "TransactionRegister" */;
			compatibilityVersion = "Xcode 3.2";
			developmentRegion = English;
			hasScannedForEncodings = 0;
			knownRegions = (
				en,
				Base,
			);
			mainGroup = 07BAF19F1D7C80D0008FE0AF;
			productRefGroup = 07BAF1A91D7C80D0008FE0AF /* Products */;
			projectDirPath = "";
			projectRoot = "";
			targets = (
				07BAF1A71D7C80D0008FE0AF /* TransactionRegister */,
			);
		};
/* End PBXProject section */

/* Begin PBXResourcesBuildPhase section */
		07BAF1A61D7C80D0008FE0AF /* Resources */ = {
			isa = PBXResourcesBuildPhase;
			buildActionMask = 2147483647;
			files = (
				07901F031DBA719900504A5A /* transactions.png in Resources */,
				07901F021DBA719900504A5A /* budget.png in Resources */,
				0756712A1E2D8E62008944CF /* SectionHeaderView.xib in Resources */,
				07BAF1CA1D7C81FC008FE0AF /* Assets.xcassets in Resources */,
				07BAF1CC1D7C81FC008FE0AF /* Main.storyboard in Resources */,
				07BAF1CB1D7C81FC008FE0AF /* LaunchScreen.storyboard in Resources */,
			);
			runOnlyForDeploymentPostprocessing = 0;
		};
/* End PBXResourcesBuildPhase section */

/* Begin PBXSourcesBuildPhase section */
		07BAF1A41D7C80D0008FE0AF /* Sources */ = {
			isa = PBXSourcesBuildPhase;
			buildActionMask = 2147483647;
			files = (
				07E7347F1E31769500444EB1 /* Transaction.swift in Sources */,
				07E734831E32641100444EB1 /* TXError.swift in Sources */,
				07C4BF751E32F10600EE4C29 /* TXTableView.swift in Sources */,
				07E734741E311B3B00444EB1 /* PaymentType.swift in Sources */,
				07C4BF791E32F29400EE4C29 /* SectionHeaderView.swift in Sources */,
				07C4BF731E32E84C00EE4C29 /* UIColor+colors.swift in Sources */,
				07E734811E32624E00444EB1 /* Client.swift in Sources */,
				07E734981E32E65100444EB1 /* AddTransactionPopUpViewController.swift in Sources */,
				07E734721E3011F000444EB1 /* Amount.swift in Sources */,
				07E734901E32D68100444EB1 /* TransactionTableViewCell.swift in Sources */,
				07E734941E32E1AA00444EB1 /* TXViewController.swift in Sources */,
				07E734851E326B5A00444EB1 /* TXResponse.swift in Sources */,
				07E7347D1E3174DE00444EB1 /* BudgetCategory.swift in Sources */,
				07E7348E1E32C71F00444EB1 /* CategoriesViewController.swift in Sources */,
				07E734961E32E63000444EB1 /* TransactionsViewController.swift in Sources */,
				07E734921E32DBD900444EB1 /* CategoryTableViewCell.swift in Sources */,
				07E734791E31512300444EB1 /* PaymentTypeSum.swift in Sources */,
				07E7349A1E32E66000444EB1 /* CategoryViewController.swift in Sources */,
				07E7348C1E32C1A400444EB1 /* AppDelegate.swift in Sources */,
				07C4BF771E32F1B000EE4C29 /* TXNavigationViewController.swift in Sources */,
			);
			runOnlyForDeploymentPostprocessing = 0;
		};
/* End PBXSourcesBuildPhase section */

/* Begin XCBuildConfiguration section */
		07BAF1BD1D7C80D0008FE0AF /* Debug */ = {
			isa = XCBuildConfiguration;
			buildSettings = {
				ALWAYS_SEARCH_USER_PATHS = NO;
				CLANG_ANALYZER_NONNULL = YES;
				CLANG_CXX_LANGUAGE_STANDARD = "gnu++0x";
				CLANG_CXX_LIBRARY = "libc++";
				CLANG_ENABLE_MODULES = YES;
				CLANG_ENABLE_OBJC_ARC = YES;
				CLANG_WARN_BOOL_CONVERSION = YES;
				CLANG_WARN_CONSTANT_CONVERSION = YES;
				CLANG_WARN_DIRECT_OBJC_ISA_USAGE = YES_ERROR;
				CLANG_WARN_EMPTY_BODY = YES;
				CLANG_WARN_ENUM_CONVERSION = YES;
				CLANG_WARN_INFINITE_RECURSION = YES;
				CLANG_WARN_INT_CONVERSION = YES;
				CLANG_WARN_OBJC_ROOT_CLASS = YES_ERROR;
				CLANG_WARN_SUSPICIOUS_MOVE = YES;
				CLANG_WARN_UNREACHABLE_CODE = YES;
				CLANG_WARN__DUPLICATE_METHOD_MATCH = YES;
				"CODE_SIGN_IDENTITY[sdk=iphoneos*]" = "iPhone Developer";
				COPY_PHASE_STRIP = NO;
				DEBUG_INFORMATION_FORMAT = dwarf;
				ENABLE_STRICT_OBJC_MSGSEND = YES;
				ENABLE_TESTABILITY = YES;
				GCC_C_LANGUAGE_STANDARD = gnu99;
				GCC_DYNAMIC_NO_PIC = NO;
				GCC_NO_COMMON_BLOCKS = YES;
				GCC_OPTIMIZATION_LEVEL = 0;
				GCC_PREPROCESSOR_DEFINITIONS = (
					"DEBUG=1",
					"$(inherited)",
				);
				GCC_WARN_64_TO_32_BIT_CONVERSION = YES;
				GCC_WARN_ABOUT_RETURN_TYPE = YES_ERROR;
				GCC_WARN_UNDECLARED_SELECTOR = YES;
				GCC_WARN_UNINITIALIZED_AUTOS = YES_AGGRESSIVE;
				GCC_WARN_UNUSED_FUNCTION = YES;
				GCC_WARN_UNUSED_VARIABLE = YES;
				IPHONEOS_DEPLOYMENT_TARGET = 9.3;
				MTL_ENABLE_DEBUG_INFO = YES;
				ONLY_ACTIVE_ARCH = YES;
				SDKROOT = iphoneos;
			};
			name = Debug;
		};
		07BAF1BE1D7C80D0008FE0AF /* Release */ = {
			isa = XCBuildConfiguration;
			buildSettings = {
				ALWAYS_SEARCH_USER_PATHS = NO;
				CLANG_ANALYZER_NONNULL = YES;
				CLANG_CXX_LANGUAGE_STANDARD = "gnu++0x";
				CLANG_CXX_LIBRARY = "libc++";
				CLANG_ENABLE_MODULES = YES;
				CLANG_ENABLE_OBJC_ARC = YES;
				CLANG_WARN_BOOL_CONVERSION = YES;
				CLANG_WARN_CONSTANT_CONVERSION = YES;
				CLANG_WARN_DIRECT_OBJC_ISA_USAGE = YES_ERROR;
				CLANG_WARN_EMPTY_BODY = YES;
				CLANG_WARN_ENUM_CONVERSION = YES;
				CLANG_WARN_INFINITE_RECURSION = YES;
				CLANG_WARN_INT_CONVERSION = YES;
				CLANG_WARN_OBJC_ROOT_CLASS = YES_ERROR;
				CLANG_WARN_SUSPICIOUS_MOVE = YES;
				CLANG_WARN_UNREACHABLE_CODE = YES;
				CLANG_WARN__DUPLICATE_METHOD_MATCH = YES;
				"CODE_SIGN_IDENTITY[sdk=iphoneos*]" = "iPhone Developer";
				COPY_PHASE_STRIP = NO;
				DEBUG_INFORMATION_FORMAT = "dwarf-with-dsym";
				ENABLE_NS_ASSERTIONS = NO;
				ENABLE_STRICT_OBJC_MSGSEND = YES;
				GCC_C_LANGUAGE_STANDARD = gnu99;
				GCC_NO_COMMON_BLOCKS = YES;
				GCC_WARN_64_TO_32_BIT_CONVERSION = YES;
				GCC_WARN_ABOUT_RETURN_TYPE = YES_ERROR;
				GCC_WARN_UNDECLARED_SELECTOR = YES;
				GCC_WARN_UNINITIALIZED_AUTOS = YES_AGGRESSIVE;
				GCC_WARN_UNUSED_FUNCTION = YES;
				GCC_WARN_UNUSED_VARIABLE = YES;
				IPHONEOS_DEPLOYMENT_TARGET = 9.3;
				MTL_ENABLE_DEBUG_INFO = NO;
				SDKROOT = iphoneos;
				SWIFT_OPTIMIZATION_LEVEL = "-Owholemodule";
				VALIDATE_PRODUCT = YES;
			};
			name = Release;
		};
		07BAF1C01D7C80D0008FE0AF /* Debug */ = {
			isa = XCBuildConfiguration;
			buildSettings = {
				ASSETCATALOG_COMPILER_APPICON_NAME = AppIcon;
				CLANG_ENABLE_MODULES = YES;
				DEVELOPMENT_TEAM = 4PCMAPG3W2;
				INFOPLIST_FILE = TransactionRegister/Info.plist;
				LD_RUNPATH_SEARCH_PATHS = "$(inherited) @executable_path/Frameworks";
				PRODUCT_BUNDLE_IDENTIFIER = "edu.byu.transaction-register";
				PRODUCT_NAME = "$(TARGET_NAME)";
				SWIFT_OBJC_BRIDGING_HEADER = "";
				SWIFT_OBJC_INTERFACE_HEADER_NAME = "";
				SWIFT_OPTIMIZATION_LEVEL = "-Onone";
				SWIFT_VERSION = 3.0;
			};
			name = Debug;
		};
		07BAF1C11D7C80D0008FE0AF /* Release */ = {
			isa = XCBuildConfiguration;
			buildSettings = {
				ASSETCATALOG_COMPILER_APPICON_NAME = AppIcon;
				CLANG_ENABLE_MODULES = YES;
				DEVELOPMENT_TEAM = 4PCMAPG3W2;
				INFOPLIST_FILE = TransactionRegister/Info.plist;
				LD_RUNPATH_SEARCH_PATHS = "$(inherited) @executable_path/Frameworks";
				PRODUCT_BUNDLE_IDENTIFIER = "edu.byu.transaction-register";
				PRODUCT_NAME = "$(TARGET_NAME)";
				SWIFT_OBJC_BRIDGING_HEADER = "";
				SWIFT_OBJC_INTERFACE_HEADER_NAME = "";
				SWIFT_VERSION = 3.0;
			};
			name = Release;
		};
/* End XCBuildConfiguration section */

/* Begin XCConfigurationList section */
		07BAF1A31D7C80D0008FE0AF /* Build configuration list for PBXProject "TransactionRegister" */ = {
			isa = XCConfigurationList;
			buildConfigurations = (
				07BAF1BD1D7C80D0008FE0AF /* Debug */,
				07BAF1BE1D7C80D0008FE0AF /* Release */,
			);
			defaultConfigurationIsVisible = 0;
			defaultConfigurationName = Release;
		};
		07BAF1BF1D7C80D0008FE0AF /* Build configuration list for PBXNativeTarget "TransactionRegister" */ = {
			isa = XCConfigurationList;
			buildConfigurations = (
				07BAF1C01D7C80D0008FE0AF /* Debug */,
				07BAF1C11D7C80D0008FE0AF /* Release */,
			);
			defaultConfigurationIsVisible = 0;
			defaultConfigurationName = Release;
		};
/* End XCConfigurationList section */
	};
	rootObject = 07BAF1A01D7C80D0008FE0AF /* Project object */;
}
